// !$*UTF8*$!
{
	archiveVersion = 1;
	classes = {
	};
	objectVersion = 50;
	objects = {

/* Begin PBXBuildFile section */
		2204D02C211AB5AC00B70B1D /* AppDelegate.swift in Sources */ = {isa = PBXBuildFile; fileRef = 2204D02B211AB5AC00B70B1D /* AppDelegate.swift */; };
		2204D031211AB5AC00B70B1D /* Main.storyboard in Resources */ = {isa = PBXBuildFile; fileRef = 2204D02F211AB5AC00B70B1D /* Main.storyboard */; };
		2204D036211AB5AF00B70B1D /* LaunchScreen.storyboard in Resources */ = {isa = PBXBuildFile; fileRef = 2204D034211AB5AF00B70B1D /* LaunchScreen.storyboard */; };
		2204D03E211AB5DE00B70B1D /* Global.swift in Sources */ = {isa = PBXBuildFile; fileRef = 2204D03D211AB5DE00B70B1D /* Global.swift */; };
		2212C6092123C138007AEE6D /* Extension.swift in Sources */ = {isa = PBXBuildFile; fileRef = 2212C6082123C138007AEE6D /* Extension.swift */; };
		2212C60B2123C520007AEE6D /* Struct.swift in Sources */ = {isa = PBXBuildFile; fileRef = 2212C60A2123C520007AEE6D /* Struct.swift */; };
		2216507721228B5F00190E44 /* GaugeViewController.swift in Sources */ = {isa = PBXBuildFile; fileRef = 2216507621228B5F00190E44 /* GaugeViewController.swift */; };
		2216507C212299CB00190E44 /* ValueViewController.swift in Sources */ = {isa = PBXBuildFile; fileRef = 2216507B212299CB00190E44 /* ValueViewController.swift */; };
		2216508221229E0400190E44 /* PanelClassButton.swift in Sources */ = {isa = PBXBuildFile; fileRef = 2216508121229E0400190E44 /* PanelClassButton.swift */; };
		221650842122B89D00190E44 /* PanelClassTextField.swift in Sources */ = {isa = PBXBuildFile; fileRef = 221650832122B89D00190E44 /* PanelClassTextField.swift */; };
		221965CE211C078B00329BA1 /* LoginViewController.swift in Sources */ = {isa = PBXBuildFile; fileRef = 221965CD211C078B00329BA1 /* LoginViewController.swift */; };
		221E82352124193600F1B5D3 /* MyScrollView.swift in Sources */ = {isa = PBXBuildFile; fileRef = 221E82342124193600F1B5D3 /* MyScrollView.swift */; };
		226EC1FF211C0E66003A90D6 /* HomesListTableViewController.swift in Sources */ = {isa = PBXBuildFile; fileRef = 226EC1FE211C0E66003A90D6 /* HomesListTableViewController.swift */; };
		226EC201211C1A47003A90D6 /* FirstNavigationController.swift in Sources */ = {isa = PBXBuildFile; fileRef = 226EC200211C1A47003A90D6 /* FirstNavigationController.swift */; };
		226EC203211C27F5003A90D6 /* LoadingViewController.swift in Sources */ = {isa = PBXBuildFile; fileRef = 226EC202211C27F5003A90D6 /* LoadingViewController.swift */; };
		226EC207211C3176003A90D6 /* DevicesListTableViewController.swift in Sources */ = {isa = PBXBuildFile; fileRef = 226EC206211C3176003A90D6 /* DevicesListTableViewController.swift */; };
		226EC20B211C3D55003A90D6 /* DeviceSocketTableViewController.swift in Sources */ = {isa = PBXBuildFile; fileRef = 226EC20A211C3D55003A90D6 /* DeviceSocketTableViewController.swift */; };
		22898A2421212A3400A1CD61 /* DashboardTableViewController.swift in Sources */ = {isa = PBXBuildFile; fileRef = 22898A2321212A3400A1CD61 /* DashboardTableViewController.swift */; };
		22A220FD212406F100AE8EC1 /* DecimalMinusTextField.swift in Sources */ = {isa = PBXBuildFile; fileRef = 22A220FC212406F100AE8EC1 /* DecimalMinusTextField.swift */; };
		22B5FC2321218512002C559A /* AddDashboardTableViewCell.swift in Sources */ = {isa = PBXBuildFile; fileRef = 22B5FC2121218512002C559A /* AddDashboardTableViewCell.swift */; };
		22B5FC2421218512002C559A /* AddDashboardTableViewCell.xib in Resources */ = {isa = PBXBuildFile; fileRef = 22B5FC2221218512002C559A /* AddDashboardTableViewCell.xib */; };
		22B5FC262121878F002C559A /* AddDashboardTableViewController.swift in Sources */ = {isa = PBXBuildFile; fileRef = 22B5FC252121878F002C559A /* AddDashboardTableViewController.swift */; };
		22E7E6FE211D6CB9001DE27F /* MainViewController.swift in Sources */ = {isa = PBXBuildFile; fileRef = 22E7E6FD211D6CB9001DE27F /* MainViewController.swift */; };
		22E7E702211D769C001DE27F /* SwipeMenuTableViewController.swift in Sources */ = {isa = PBXBuildFile; fileRef = 22E7E701211D769C001DE27F /* SwipeMenuTableViewController.swift */; };
		22E7E704211D8025001DE27F /* BackgroundViewController.swift in Sources */ = {isa = PBXBuildFile; fileRef = 22E7E703211D8025001DE27F /* BackgroundViewController.swift */; };
		22E7E706211D8BBD001DE27F /* Dashboard.storyboard in Resources */ = {isa = PBXBuildFile; fileRef = 22E7E705211D8BBD001DE27F /* Dashboard.storyboard */; };
		7451B033F60808E508F551F7 /* Pods_jetec_Wi_Cloud.framework in Frameworks */ = {isa = PBXBuildFile; fileRef = 7B63ADE9BDCB511787A9BE7E /* Pods_jetec_Wi_Cloud.framework */; };
		85254EE521264CC7009CED23 /* ShowDataLogTableViewController.swift in Sources */ = {isa = PBXBuildFile; fileRef = 85254EE421264CC7009CED23 /* ShowDataLogTableViewController.swift */; };
		852C069A2134F66A008670FA /* Localizable.strings in Resources */ = {isa = PBXBuildFile; fileRef = 852C069C2134F66A008670FA /* Localizable.strings */; };
		853E00F1212A625B0094A976 /* GaugeTableViewCell.swift in Sources */ = {isa = PBXBuildFile; fileRef = 853E00EF212A625B0094A976 /* GaugeTableViewCell.swift */; };
		853E00F2212A625B0094A976 /* GaugeTableViewCell.xib in Resources */ = {isa = PBXBuildFile; fileRef = 853E00F0212A625B0094A976 /* GaugeTableViewCell.xib */; };
		8563D07E2126B4DC00A3DA8B /* ValueTableViewCell.swift in Sources */ = {isa = PBXBuildFile; fileRef = 8563D07C2126B4DC00A3DA8B /* ValueTableViewCell.swift */; };
		8563D07F2126B4DC00A3DA8B /* ValueTableViewCell.xib in Resources */ = {isa = PBXBuildFile; fileRef = 8563D07D2126B4DC00A3DA8B /* ValueTableViewCell.xib */; };
		85C06B8121256D9A00450213 /* DashboardNavigationController.swift in Sources */ = {isa = PBXBuildFile; fileRef = 85C06B8021256D9A00450213 /* DashboardNavigationController.swift */; };
		85D06D9C212BBDB30014A067 /* EditValuePanelViewController.swift in Sources */ = {isa = PBXBuildFile; fileRef = 85D06D9B212BBDB30014A067 /* EditValuePanelViewController.swift */; };
		85D06D9E212BBDC30014A067 /* EditGaugePanelViewController.swift in Sources */ = {isa = PBXBuildFile; fileRef = 85D06D9D212BBDC30014A067 /* EditGaugePanelViewController.swift */; };
		85D2DBCD212E8AD000440E2B /* SwipeMenuTableViewCell.swift in Sources */ = {isa = PBXBuildFile; fileRef = 85D2DBCB212E8AD000440E2B /* SwipeMenuTableViewCell.swift */; };
		85D2DBCE212E8AD000440E2B /* SwipeMenuTableViewCell.xib in Resources */ = {isa = PBXBuildFile; fileRef = 85D2DBCC212E8AD000440E2B /* SwipeMenuTableViewCell.xib */; };
		85DB259C212D044400E0546A /* CustomMarkerView.swift in Sources */ = {isa = PBXBuildFile; fileRef = 85DB259B212D044400E0546A /* CustomMarkerView.swift */; };
		85DB64CD2133D76F00D71DE1 /* Assets.xcassets in Resources */ = {isa = PBXBuildFile; fileRef = 85DB64CC2133D76E00D71DE1 /* Assets.xcassets */; };
		85E48E99212BE9F8002A9EA5 /* ShowDetailDataViewController.swift in Sources */ = {isa = PBXBuildFile; fileRef = 85E48E98212BE9F8002A9EA5 /* ShowDetailDataViewController.swift */; };
		85EEFBE72137E08700E14C52 /* LoginInsertView.swift in Sources */ = {isa = PBXBuildFile; fileRef = 85EEFBE62137E08700E14C52 /* LoginInsertView.swift */; };
/* End PBXBuildFile section */

/* Begin PBXFileReference section */
		2204D028211AB5AC00B70B1D /* jetec_Wi-Cloud.app */ = {isa = PBXFileReference; explicitFileType = wrapper.application; includeInIndex = 0; path = "jetec_Wi-Cloud.app"; sourceTree = BUILT_PRODUCTS_DIR; };
		2204D02B211AB5AC00B70B1D /* AppDelegate.swift */ = {isa = PBXFileReference; lastKnownFileType = sourcecode.swift; path = AppDelegate.swift; sourceTree = "<group>"; };
		2204D030211AB5AC00B70B1D /* Base */ = {isa = PBXFileReference; lastKnownFileType = file.storyboard; name = Base; path = Base.lproj/Main.storyboard; sourceTree = "<group>"; };
		2204D035211AB5AF00B70B1D /* Base */ = {isa = PBXFileReference; lastKnownFileType = file.storyboard; name = Base; path = Base.lproj/LaunchScreen.storyboard; sourceTree = "<group>"; };
		2204D037211AB5AF00B70B1D /* Info.plist */ = {isa = PBXFileReference; lastKnownFileType = text.plist.xml; path = Info.plist; sourceTree = "<group>"; };
		2204D03D211AB5DE00B70B1D /* Global.swift */ = {isa = PBXFileReference; lastKnownFileType = sourcecode.swift; path = Global.swift; sourceTree = "<group>"; };
		2212C6082123C138007AEE6D /* Extension.swift */ = {isa = PBXFileReference; lastKnownFileType = sourcecode.swift; path = Extension.swift; sourceTree = "<group>"; };
		2212C60A2123C520007AEE6D /* Struct.swift */ = {isa = PBXFileReference; lastKnownFileType = sourcecode.swift; path = Struct.swift; sourceTree = "<group>"; };
		2216507621228B5F00190E44 /* GaugeViewController.swift */ = {isa = PBXFileReference; lastKnownFileType = sourcecode.swift; path = GaugeViewController.swift; sourceTree = "<group>"; };
		2216507B212299CB00190E44 /* ValueViewController.swift */ = {isa = PBXFileReference; lastKnownFileType = sourcecode.swift; path = ValueViewController.swift; sourceTree = "<group>"; };
		2216508121229E0400190E44 /* PanelClassButton.swift */ = {isa = PBXFileReference; lastKnownFileType = sourcecode.swift; path = PanelClassButton.swift; sourceTree = "<group>"; };
		221650832122B89D00190E44 /* PanelClassTextField.swift */ = {isa = PBXFileReference; lastKnownFileType = sourcecode.swift; path = PanelClassTextField.swift; sourceTree = "<group>"; };
		221965CD211C078B00329BA1 /* LoginViewController.swift */ = {isa = PBXFileReference; lastKnownFileType = sourcecode.swift; path = LoginViewController.swift; sourceTree = "<group>"; };
		221E82342124193600F1B5D3 /* MyScrollView.swift */ = {isa = PBXFileReference; lastKnownFileType = sourcecode.swift; path = MyScrollView.swift; sourceTree = "<group>"; };
		226EC1FE211C0E66003A90D6 /* HomesListTableViewController.swift */ = {isa = PBXFileReference; lastKnownFileType = sourcecode.swift; path = HomesListTableViewController.swift; sourceTree = "<group>"; };
		226EC200211C1A47003A90D6 /* FirstNavigationController.swift */ = {isa = PBXFileReference; lastKnownFileType = sourcecode.swift; path = FirstNavigationController.swift; sourceTree = "<group>"; };
		226EC202211C27F5003A90D6 /* LoadingViewController.swift */ = {isa = PBXFileReference; lastKnownFileType = sourcecode.swift; path = LoadingViewController.swift; sourceTree = "<group>"; };
		226EC206211C3176003A90D6 /* DevicesListTableViewController.swift */ = {isa = PBXFileReference; lastKnownFileType = sourcecode.swift; path = DevicesListTableViewController.swift; sourceTree = "<group>"; };
		226EC20A211C3D55003A90D6 /* DeviceSocketTableViewController.swift */ = {isa = PBXFileReference; lastKnownFileType = sourcecode.swift; path = DeviceSocketTableViewController.swift; sourceTree = "<group>"; };
		22898A2321212A3400A1CD61 /* DashboardTableViewController.swift */ = {isa = PBXFileReference; lastKnownFileType = sourcecode.swift; path = DashboardTableViewController.swift; sourceTree = "<group>"; };
		22A220FC212406F100AE8EC1 /* DecimalMinusTextField.swift */ = {isa = PBXFileReference; lastKnownFileType = sourcecode.swift; path = DecimalMinusTextField.swift; sourceTree = "<group>"; };
		22B5FC2121218512002C559A /* AddDashboardTableViewCell.swift */ = {isa = PBXFileReference; lastKnownFileType = sourcecode.swift; path = AddDashboardTableViewCell.swift; sourceTree = "<group>"; };
		22B5FC2221218512002C559A /* AddDashboardTableViewCell.xib */ = {isa = PBXFileReference; lastKnownFileType = file.xib; path = AddDashboardTableViewCell.xib; sourceTree = "<group>"; };
		22B5FC252121878F002C559A /* AddDashboardTableViewController.swift */ = {isa = PBXFileReference; lastKnownFileType = sourcecode.swift; path = AddDashboardTableViewController.swift; sourceTree = "<group>"; };
		22E7E6FD211D6CB9001DE27F /* MainViewController.swift */ = {isa = PBXFileReference; lastKnownFileType = sourcecode.swift; path = MainViewController.swift; sourceTree = "<group>"; };
		22E7E701211D769C001DE27F /* SwipeMenuTableViewController.swift */ = {isa = PBXFileReference; lastKnownFileType = sourcecode.swift; path = SwipeMenuTableViewController.swift; sourceTree = "<group>"; };
		22E7E703211D8025001DE27F /* BackgroundViewController.swift */ = {isa = PBXFileReference; lastKnownFileType = sourcecode.swift; path = BackgroundViewController.swift; sourceTree = "<group>"; };
		22E7E705211D8BBD001DE27F /* Dashboard.storyboard */ = {isa = PBXFileReference; lastKnownFileType = file.storyboard; path = Dashboard.storyboard; sourceTree = "<group>"; };
		5E632BA8E2738B4EA24531DD /* Pods-jetec_Wi-Cloud.debug.xcconfig */ = {isa = PBXFileReference; includeInIndex = 1; lastKnownFileType = text.xcconfig; name = "Pods-jetec_Wi-Cloud.debug.xcconfig"; path = "Pods/Target Support Files/Pods-jetec_Wi-Cloud/Pods-jetec_Wi-Cloud.debug.xcconfig"; sourceTree = "<group>"; };
		7454A7AE536B0691DC31E2FE /* Pods-jetec_Wi-Cloud.release.xcconfig */ = {isa = PBXFileReference; includeInIndex = 1; lastKnownFileType = text.xcconfig; name = "Pods-jetec_Wi-Cloud.release.xcconfig"; path = "Pods/Target Support Files/Pods-jetec_Wi-Cloud/Pods-jetec_Wi-Cloud.release.xcconfig"; sourceTree = "<group>"; };
		7B63ADE9BDCB511787A9BE7E /* Pods_jetec_Wi_Cloud.framework */ = {isa = PBXFileReference; explicitFileType = wrapper.framework; includeInIndex = 0; path = Pods_jetec_Wi_Cloud.framework; sourceTree = BUILT_PRODUCTS_DIR; };
		85254EE421264CC7009CED23 /* ShowDataLogTableViewController.swift */ = {isa = PBXFileReference; lastKnownFileType = sourcecode.swift; path = ShowDataLogTableViewController.swift; sourceTree = "<group>"; };
		852C069B2134F66A008670FA /* en */ = {isa = PBXFileReference; lastKnownFileType = text.plist.strings; name = en; path = en.lproj/Localizable.strings; sourceTree = "<group>"; };
		852C069D2134F685008670FA /* zh-Hant */ = {isa = PBXFileReference; lastKnownFileType = text.plist.strings; name = "zh-Hant"; path = "zh-Hant.lproj/Localizable.strings"; sourceTree = "<group>"; };
		853E00EF212A625B0094A976 /* GaugeTableViewCell.swift */ = {isa = PBXFileReference; lastKnownFileType = sourcecode.swift; path = GaugeTableViewCell.swift; sourceTree = "<group>"; };
		853E00F0212A625B0094A976 /* GaugeTableViewCell.xib */ = {isa = PBXFileReference; lastKnownFileType = file.xib; path = GaugeTableViewCell.xib; sourceTree = "<group>"; };
		8563D07C2126B4DC00A3DA8B /* ValueTableViewCell.swift */ = {isa = PBXFileReference; lastKnownFileType = sourcecode.swift; path = ValueTableViewCell.swift; sourceTree = "<group>"; };
		8563D07D2126B4DC00A3DA8B /* ValueTableViewCell.xib */ = {isa = PBXFileReference; lastKnownFileType = file.xib; path = ValueTableViewCell.xib; sourceTree = "<group>"; };
		85C06B8021256D9A00450213 /* DashboardNavigationController.swift */ = {isa = PBXFileReference; lastKnownFileType = sourcecode.swift; path = DashboardNavigationController.swift; sourceTree = "<group>"; };
		85D06D9B212BBDB30014A067 /* EditValuePanelViewController.swift */ = {isa = PBXFileReference; lastKnownFileType = sourcecode.swift; path = EditValuePanelViewController.swift; sourceTree = "<group>"; };
		85D06D9D212BBDC30014A067 /* EditGaugePanelViewController.swift */ = {isa = PBXFileReference; lastKnownFileType = sourcecode.swift; path = EditGaugePanelViewController.swift; sourceTree = "<group>"; };
		85D2DBCB212E8AD000440E2B /* SwipeMenuTableViewCell.swift */ = {isa = PBXFileReference; lastKnownFileType = sourcecode.swift; path = SwipeMenuTableViewCell.swift; sourceTree = "<group>"; };
		85D2DBCC212E8AD000440E2B /* SwipeMenuTableViewCell.xib */ = {isa = PBXFileReference; lastKnownFileType = file.xib; path = SwipeMenuTableViewCell.xib; sourceTree = "<group>"; };
		85DB259B212D044400E0546A /* CustomMarkerView.swift */ = {isa = PBXFileReference; lastKnownFileType = sourcecode.swift; path = CustomMarkerView.swift; sourceTree = "<group>"; };
		85DB64CC2133D76E00D71DE1 /* Assets.xcassets */ = {isa = PBXFileReference; lastKnownFileType = folder.assetcatalog; path = Assets.xcassets; sourceTree = "<group>"; };
		85E48E98212BE9F8002A9EA5 /* ShowDetailDataViewController.swift */ = {isa = PBXFileReference; lastKnownFileType = sourcecode.swift; path = ShowDetailDataViewController.swift; sourceTree = "<group>"; };
		85EEFBE62137E08700E14C52 /* LoginInsertView.swift */ = {isa = PBXFileReference; lastKnownFileType = sourcecode.swift; path = LoginInsertView.swift; sourceTree = "<group>"; };
/* End PBXFileReference section */

/* Begin PBXFrameworksBuildPhase section */
		2204D025211AB5AC00B70B1D /* Frameworks */ = {
			isa = PBXFrameworksBuildPhase;
			buildActionMask = 2147483647;
			files = (
				7451B033F60808E508F551F7 /* Pods_jetec_Wi_Cloud.framework in Frameworks */,
			);
			runOnlyForDeploymentPostprocessing = 0;
		};
/* End PBXFrameworksBuildPhase section */

/* Begin PBXGroup section */
		2204D01F211AB5AC00B70B1D = {
			isa = PBXGroup;
			children = (
				2204D02A211AB5AC00B70B1D /* jetec_Wi-Cloud */,
				2204D029211AB5AC00B70B1D /* Products */,
				47C14044EA1BE9E0A9AFBB75 /* Pods */,
				B3BB0F0457D6C5F13E0AA0C1 /* Frameworks */,
			);
			sourceTree = "<group>";
		};
		2204D029211AB5AC00B70B1D /* Products */ = {
			isa = PBXGroup;
			children = (
				2204D028211AB5AC00B70B1D /* jetec_Wi-Cloud.app */,
			);
			name = Products;
			sourceTree = "<group>";
		};
		2204D02A211AB5AC00B70B1D /* jetec_Wi-Cloud */ = {
			isa = PBXGroup;
			children = (
				2204D02B211AB5AC00B70B1D /* AppDelegate.swift */,
				2204D02F211AB5AC00B70B1D /* Main.storyboard */,
				22E7E708211D8C04001DE27F /* Dashboard */,
				22E7E707211D8BCF001DE27F /* Hardware */,
				2204D034211AB5AF00B70B1D /* LaunchScreen.storyboard */,
				2204D037211AB5AF00B70B1D /* Info.plist */,
				221965CD211C078B00329BA1 /* LoginViewController.swift */,
				85EEFBE62137E08700E14C52 /* LoginInsertView.swift */,
				22E7E6FD211D6CB9001DE27F /* MainViewController.swift */,
				226EC200211C1A47003A90D6 /* FirstNavigationController.swift */,
				226EC202211C27F5003A90D6 /* LoadingViewController.swift */,
				226EC1FE211C0E66003A90D6 /* HomesListTableViewController.swift */,
				22E7E701211D769C001DE27F /* SwipeMenuTableViewController.swift */,
				85D2DBCB212E8AD000440E2B /* SwipeMenuTableViewCell.swift */,
				85D2DBCC212E8AD000440E2B /* SwipeMenuTableViewCell.xib */,
				22E7E703211D8025001DE27F /* BackgroundViewController.swift */,
				85DB64CC2133D76E00D71DE1 /* Assets.xcassets */,
				2204D03D211AB5DE00B70B1D /* Global.swift */,
				2212C6082123C138007AEE6D /* Extension.swift */,
				2212C60A2123C520007AEE6D /* Struct.swift */,
				852C069C2134F66A008670FA /* Localizable.strings */,
			);
			path = "jetec_Wi-Cloud";
			sourceTree = "<group>";
		};
		2216507521228B2300190E44 /* AddPanel */ = {
			isa = PBXGroup;
			children = (
				22B5FC252121878F002C559A /* AddDashboardTableViewController.swift */,
				22B5FC2121218512002C559A /* AddDashboardTableViewCell.swift */,
				22B5FC2221218512002C559A /* AddDashboardTableViewCell.xib */,
				2216507B212299CB00190E44 /* ValueViewController.swift */,
				2216507621228B5F00190E44 /* GaugeViewController.swift */,
				2216508121229E0400190E44 /* PanelClassButton.swift */,
				221650832122B89D00190E44 /* PanelClassTextField.swift */,
				22A220FC212406F100AE8EC1 /* DecimalMinusTextField.swift */,
				221E82342124193600F1B5D3 /* MyScrollView.swift */,
			);
			path = AddPanel;
			sourceTree = "<group>";
		};
		22E7E707211D8BCF001DE27F /* Hardware */ = {
			isa = PBXGroup;
			children = (
				226EC206211C3176003A90D6 /* DevicesListTableViewController.swift */,
				226EC20A211C3D55003A90D6 /* DeviceSocketTableViewController.swift */,
			);
			path = Hardware;
			sourceTree = "<group>";
		};
		22E7E708211D8C04001DE27F /* Dashboard */ = {
			isa = PBXGroup;
			children = (
				2216507521228B2300190E44 /* AddPanel */,
				85D06D9A212BBCA80014A067 /* EditPanel */,
				22E7E705211D8BBD001DE27F /* Dashboard.storyboard */,
				22898A2321212A3400A1CD61 /* DashboardTableViewController.swift */,
				85C06B8021256D9A00450213 /* DashboardNavigationController.swift */,
				85254EE421264CC7009CED23 /* ShowDataLogTableViewController.swift */,
				85E48E98212BE9F8002A9EA5 /* ShowDetailDataViewController.swift */,
				8563D07C2126B4DC00A3DA8B /* ValueTableViewCell.swift */,
				8563D07D2126B4DC00A3DA8B /* ValueTableViewCell.xib */,
				853E00EF212A625B0094A976 /* GaugeTableViewCell.swift */,
				853E00F0212A625B0094A976 /* GaugeTableViewCell.xib */,
				85DB259B212D044400E0546A /* CustomMarkerView.swift */,
			);
			path = Dashboard;
			sourceTree = "<group>";
		};
		47C14044EA1BE9E0A9AFBB75 /* Pods */ = {
			isa = PBXGroup;
			children = (
				5E632BA8E2738B4EA24531DD /* Pods-jetec_Wi-Cloud.debug.xcconfig */,
				7454A7AE536B0691DC31E2FE /* Pods-jetec_Wi-Cloud.release.xcconfig */,
			);
			name = Pods;
			sourceTree = "<group>";
		};
		85D06D9A212BBCA80014A067 /* EditPanel */ = {
			isa = PBXGroup;
			children = (
				85D06D9B212BBDB30014A067 /* EditValuePanelViewController.swift */,
				85D06D9D212BBDC30014A067 /* EditGaugePanelViewController.swift */,
			);
			path = EditPanel;
			sourceTree = "<group>";
		};
		B3BB0F0457D6C5F13E0AA0C1 /* Frameworks */ = {
			isa = PBXGroup;
			children = (
				7B63ADE9BDCB511787A9BE7E /* Pods_jetec_Wi_Cloud.framework */,
			);
			name = Frameworks;
			sourceTree = "<group>";
		};
/* End PBXGroup section */

/* Begin PBXNativeTarget section */
		2204D027211AB5AC00B70B1D /* jetec_Wi-Cloud */ = {
			isa = PBXNativeTarget;
			buildConfigurationList = 2204D03A211AB5AF00B70B1D /* Build configuration list for PBXNativeTarget "jetec_Wi-Cloud" */;
			buildPhases = (
				640EA5FEC52C6705151ADF52 /* [CP] Check Pods Manifest.lock */,
				2204D024211AB5AC00B70B1D /* Sources */,
				2204D025211AB5AC00B70B1D /* Frameworks */,
				2204D026211AB5AC00B70B1D /* Resources */,
				C29F47053A1988F1D354A0D5 /* [CP] Embed Pods Frameworks */,
			);
			buildRules = (
			);
			dependencies = (
			);
			name = "jetec_Wi-Cloud";
			productName = "jetec_Wi-Cloud";
			productReference = 2204D028211AB5AC00B70B1D /* jetec_Wi-Cloud.app */;
			productType = "com.apple.product-type.application";
		};
/* End PBXNativeTarget section */

/* Begin PBXProject section */
		2204D020211AB5AC00B70B1D /* Project object */ = {
			isa = PBXProject;
			attributes = {
				LastSwiftUpdateCheck = 0940;
				LastUpgradeCheck = 0940;
				ORGANIZATIONNAME = macos;
				TargetAttributes = {
					2204D027211AB5AC00B70B1D = {
						CreatedOnToolsVersion = 9.4.1;
					};
				};
			};
			buildConfigurationList = 2204D023211AB5AC00B70B1D /* Build configuration list for PBXProject "jetec_Wi-Cloud" */;
			compatibilityVersion = "Xcode 9.3";
			developmentRegion = en;
			hasScannedForEncodings = 0;
			knownRegions = (
				en,
				Base,
				"zh-Hant",
			);
			mainGroup = 2204D01F211AB5AC00B70B1D;
			productRefGroup = 2204D029211AB5AC00B70B1D /* Products */;
			projectDirPath = "";
			projectRoot = "";
			targets = (
				2204D027211AB5AC00B70B1D /* jetec_Wi-Cloud */,
			);
		};
/* End PBXProject section */

/* Begin PBXResourcesBuildPhase section */
		2204D026211AB5AC00B70B1D /* Resources */ = {
			isa = PBXResourcesBuildPhase;
			buildActionMask = 2147483647;
			files = (
				2204D036211AB5AF00B70B1D /* LaunchScreen.storyboard in Resources */,
				853E00F2212A625B0094A976 /* GaugeTableViewCell.xib in Resources */,
				85D2DBCE212E8AD000440E2B /* SwipeMenuTableViewCell.xib in Resources */,
				2204D031211AB5AC00B70B1D /* Main.storyboard in Resources */,
				852C069A2134F66A008670FA /* Localizable.strings in Resources */,
				8563D07F2126B4DC00A3DA8B /* ValueTableViewCell.xib in Resources */,
				22E7E706211D8BBD001DE27F /* Dashboard.storyboard in Resources */,
				85DB64CD2133D76F00D71DE1 /* Assets.xcassets in Resources */,
				22B5FC2421218512002C559A /* AddDashboardTableViewCell.xib in Resources */,
			);
			runOnlyForDeploymentPostprocessing = 0;
		};
/* End PBXResourcesBuildPhase section */

/* Begin PBXShellScriptBuildPhase section */
		640EA5FEC52C6705151ADF52 /* [CP] Check Pods Manifest.lock */ = {
			isa = PBXShellScriptBuildPhase;
			buildActionMask = 2147483647;
			files = (
			);
			inputPaths = (
				"${PODS_PODFILE_DIR_PATH}/Podfile.lock",
				"${PODS_ROOT}/Manifest.lock",
			);
			name = "[CP] Check Pods Manifest.lock";
			outputPaths = (
				"$(DERIVED_FILE_DIR)/Pods-jetec_Wi-Cloud-checkManifestLockResult.txt",
			);
			runOnlyForDeploymentPostprocessing = 0;
			shellPath = /bin/sh;
			shellScript = "diff \"${PODS_PODFILE_DIR_PATH}/Podfile.lock\" \"${PODS_ROOT}/Manifest.lock\" > /dev/null\nif [ $? != 0 ] ; then\n    # print error to STDERR\n    echo \"error: The sandbox is not in sync with the Podfile.lock. Run 'pod install' or update your CocoaPods installation.\" >&2\n    exit 1\nfi\n# This output is used by Xcode 'outputs' to avoid re-running this script phase.\necho \"SUCCESS\" > \"${SCRIPT_OUTPUT_FILE_0}\"\n";
			showEnvVarsInLog = 0;
		};
		C29F47053A1988F1D354A0D5 /* [CP] Embed Pods Frameworks */ = {
			isa = PBXShellScriptBuildPhase;
			buildActionMask = 2147483647;
			files = (
			);
			inputPaths = (
				"${SRCROOT}/Pods/Target Support Files/Pods-jetec_Wi-Cloud/Pods-jetec_Wi-Cloud-frameworks.sh",
				"${BUILT_PRODUCTS_DIR}/Charts/Charts.framework",
				"${BUILT_PRODUCTS_DIR}/Starscream/Starscream.framework",
				"${BUILT_PRODUCTS_DIR}/SwipeCellKit/SwipeCellKit.framework",
				"${BUILT_PRODUCTS_DIR}/iOSDropDown/iOSDropDown.framework",
			);
			name = "[CP] Embed Pods Frameworks";
			outputPaths = (
				"${TARGET_BUILD_DIR}/${FRAMEWORKS_FOLDER_PATH}/Charts.framework",
				"${TARGET_BUILD_DIR}/${FRAMEWORKS_FOLDER_PATH}/Starscream.framework",
				"${TARGET_BUILD_DIR}/${FRAMEWORKS_FOLDER_PATH}/SwipeCellKit.framework",
				"${TARGET_BUILD_DIR}/${FRAMEWORKS_FOLDER_PATH}/iOSDropDown.framework",
			);
			runOnlyForDeploymentPostprocessing = 0;
			shellPath = /bin/sh;
			shellScript = "\"${SRCROOT}/Pods/Target Support Files/Pods-jetec_Wi-Cloud/Pods-jetec_Wi-Cloud-frameworks.sh\"\n";
			showEnvVarsInLog = 0;
		};
/* End PBXShellScriptBuildPhase section */

/* Begin PBXSourcesBuildPhase section */
		2204D024211AB5AC00B70B1D /* Sources */ = {
			isa = PBXSourcesBuildPhase;
			buildActionMask = 2147483647;
			files = (
				22898A2421212A3400A1CD61 /* DashboardTableViewController.swift in Sources */,
				2216507C212299CB00190E44 /* ValueViewController.swift in Sources */,
				85254EE521264CC7009CED23 /* ShowDataLogTableViewController.swift in Sources */,
				22A220FD212406F100AE8EC1 /* DecimalMinusTextField.swift in Sources */,
				22E7E704211D8025001DE27F /* BackgroundViewController.swift in Sources */,
				22E7E702211D769C001DE27F /* SwipeMenuTableViewController.swift in Sources */,
				221965CE211C078B00329BA1 /* LoginViewController.swift in Sources */,
				2216508221229E0400190E44 /* PanelClassButton.swift in Sources */,
				221650842122B89D00190E44 /* PanelClassTextField.swift in Sources */,
				221E82352124193600F1B5D3 /* MyScrollView.swift in Sources */,
				226EC201211C1A47003A90D6 /* FirstNavigationController.swift in Sources */,
				85D2DBCD212E8AD000440E2B /* SwipeMenuTableViewCell.swift in Sources */,
				226EC203211C27F5003A90D6 /* LoadingViewController.swift in Sources */,
				226EC1FF211C0E66003A90D6 /* HomesListTableViewController.swift in Sources */,
				2212C60B2123C520007AEE6D /* Struct.swift in Sources */,
				22B5FC262121878F002C559A /* AddDashboardTableViewController.swift in Sources */,
				853E00F1212A625B0094A976 /* GaugeTableViewCell.swift in Sources */,
				85E48E99212BE9F8002A9EA5 /* ShowDetailDataViewController.swift in Sources */,
				85C06B8121256D9A00450213 /* DashboardNavigationController.swift in Sources */,
				2212C6092123C138007AEE6D /* Extension.swift in Sources */,
				2204D02C211AB5AC00B70B1D /* AppDelegate.swift in Sources */,
				226EC20B211C3D55003A90D6 /* DeviceSocketTableViewController.swift in Sources */,
				226EC207211C3176003A90D6 /* DevicesListTableViewController.swift in Sources */,
				2216507721228B5F00190E44 /* GaugeViewController.swift in Sources */,
				85DB259C212D044400E0546A /* CustomMarkerView.swift in Sources */,
				85EEFBE72137E08700E14C52 /* LoginInsertView.swift in Sources */,
				22B5FC2321218512002C559A /* AddDashboardTableViewCell.swift in Sources */,
				85D06D9E212BBDC30014A067 /* EditGaugePanelViewController.swift in Sources */,
				2204D03E211AB5DE00B70B1D /* Global.swift in Sources */,
				85D06D9C212BBDB30014A067 /* EditValuePanelViewController.swift in Sources */,
				22E7E6FE211D6CB9001DE27F /* MainViewController.swift in Sources */,
				8563D07E2126B4DC00A3DA8B /* ValueTableViewCell.swift in Sources */,
			);
			runOnlyForDeploymentPostprocessing = 0;
		};
/* End PBXSourcesBuildPhase section */

/* Begin PBXVariantGroup section */
		2204D02F211AB5AC00B70B1D /* Main.storyboard */ = {
			isa = PBXVariantGroup;
			children = (
				2204D030211AB5AC00B70B1D /* Base */,
			);
			name = Main.storyboard;
			sourceTree = "<group>";
		};
		2204D034211AB5AF00B70B1D /* LaunchScreen.storyboard */ = {
			isa = PBXVariantGroup;
			children = (
				2204D035211AB5AF00B70B1D /* Base */,
			);
			name = LaunchScreen.storyboard;
			sourceTree = "<group>";
		};
		852C069C2134F66A008670FA /* Localizable.strings */ = {
			isa = PBXVariantGroup;
			children = (
				852C069B2134F66A008670FA /* en */,
				852C069D2134F685008670FA /* zh-Hant */,
			);
			name = Localizable.strings;
			sourceTree = "<group>";
		};
/* End PBXVariantGroup section */

/* Begin XCBuildConfiguration section */
		2204D038211AB5AF00B70B1D /* Debug */ = {
			isa = XCBuildConfiguration;
			buildSettings = {
				ALWAYS_SEARCH_USER_PATHS = NO;
				CLANG_ANALYZER_LOCALIZABILITY_NONLOCALIZED = YES;
				CLANG_ANALYZER_NONNULL = YES;
				CLANG_ANALYZER_NUMBER_OBJECT_CONVERSION = YES_AGGRESSIVE;
				CLANG_CXX_LANGUAGE_STANDARD = "gnu++14";
				CLANG_CXX_LIBRARY = "libc++";
				CLANG_ENABLE_MODULES = YES;
				CLANG_ENABLE_OBJC_ARC = YES;
				CLANG_ENABLE_OBJC_WEAK = YES;
				CLANG_WARN_BLOCK_CAPTURE_AUTORELEASING = YES;
				CLANG_WARN_BOOL_CONVERSION = YES;
				CLANG_WARN_COMMA = YES;
				CLANG_WARN_CONSTANT_CONVERSION = YES;
				CLANG_WARN_DEPRECATED_OBJC_IMPLEMENTATIONS = YES;
				CLANG_WARN_DIRECT_OBJC_ISA_USAGE = YES_ERROR;
				CLANG_WARN_DOCUMENTATION_COMMENTS = YES;
				CLANG_WARN_EMPTY_BODY = YES;
				CLANG_WARN_ENUM_CONVERSION = YES;
				CLANG_WARN_INFINITE_RECURSION = YES;
				CLANG_WARN_INT_CONVERSION = YES;
				CLANG_WARN_NON_LITERAL_NULL_CONVERSION = YES;
				CLANG_WARN_OBJC_IMPLICIT_RETAIN_SELF = YES;
				CLANG_WARN_OBJC_LITERAL_CONVERSION = YES;
				CLANG_WARN_OBJC_ROOT_CLASS = YES_ERROR;
				CLANG_WARN_RANGE_LOOP_ANALYSIS = YES;
				CLANG_WARN_STRICT_PROTOTYPES = YES;
				CLANG_WARN_SUSPICIOUS_MOVE = YES;
				CLANG_WARN_UNGUARDED_AVAILABILITY = YES_AGGRESSIVE;
				CLANG_WARN_UNREACHABLE_CODE = YES;
				CLANG_WARN__DUPLICATE_METHOD_MATCH = YES;
				CODE_SIGN_IDENTITY = "iPhone Developer";
				COPY_PHASE_STRIP = NO;
				DEBUG_INFORMATION_FORMAT = dwarf;
				ENABLE_STRICT_OBJC_MSGSEND = YES;
				ENABLE_TESTABILITY = YES;
				GCC_C_LANGUAGE_STANDARD = gnu11;
				GCC_DYNAMIC_NO_PIC = NO;
				GCC_NO_COMMON_BLOCKS = YES;
				GCC_OPTIMIZATION_LEVEL = 0;
				GCC_PREPROCESSOR_DEFINITIONS = (
					"DEBUG=1",
					"$(inherited)",
				);
				GCC_WARN_64_TO_32_BIT_CONVERSION = YES;
				GCC_WARN_ABOUT_RETURN_TYPE = YES_ERROR;
				GCC_WARN_UNDECLARED_SELECTOR = YES;
				GCC_WARN_UNINITIALIZED_AUTOS = YES_AGGRESSIVE;
				GCC_WARN_UNUSED_FUNCTION = YES;
				GCC_WARN_UNUSED_VARIABLE = YES;
				IPHONEOS_DEPLOYMENT_TARGET = 9.0;
				MTL_ENABLE_DEBUG_INFO = YES;
				ONLY_ACTIVE_ARCH = YES;
				SDKROOT = iphoneos;
				SWIFT_ACTIVE_COMPILATION_CONDITIONS = DEBUG;
				SWIFT_OPTIMIZATION_LEVEL = "-Onone";
			};
			name = Debug;
		};
		2204D039211AB5AF00B70B1D /* Release */ = {
			isa = XCBuildConfiguration;
			buildSettings = {
				ALWAYS_SEARCH_USER_PATHS = NO;
				CLANG_ANALYZER_LOCALIZABILITY_NONLOCALIZED = YES;
				CLANG_ANALYZER_NONNULL = YES;
				CLANG_ANALYZER_NUMBER_OBJECT_CONVERSION = YES_AGGRESSIVE;
				CLANG_CXX_LANGUAGE_STANDARD = "gnu++14";
				CLANG_CXX_LIBRARY = "libc++";
				CLANG_ENABLE_MODULES = YES;
				CLANG_ENABLE_OBJC_ARC = YES;
				CLANG_ENABLE_OBJC_WEAK = YES;
				CLANG_WARN_BLOCK_CAPTURE_AUTORELEASING = YES;
				CLANG_WARN_BOOL_CONVERSION = YES;
				CLANG_WARN_COMMA = YES;
				CLANG_WARN_CONSTANT_CONVERSION = YES;
				CLANG_WARN_DEPRECATED_OBJC_IMPLEMENTATIONS = YES;
				CLANG_WARN_DIRECT_OBJC_ISA_USAGE = YES_ERROR;
				CLANG_WARN_DOCUMENTATION_COMMENTS = YES;
				CLANG_WARN_EMPTY_BODY = YES;
				CLANG_WARN_ENUM_CONVERSION = YES;
				CLANG_WARN_INFINITE_RECURSION = YES;
				CLANG_WARN_INT_CONVERSION = YES;
				CLANG_WARN_NON_LITERAL_NULL_CONVERSION = YES;
				CLANG_WARN_OBJC_IMPLICIT_RETAIN_SELF = YES;
				CLANG_WARN_OBJC_LITERAL_CONVERSION = YES;
				CLANG_WARN_OBJC_ROOT_CLASS = YES_ERROR;
				CLANG_WARN_RANGE_LOOP_ANALYSIS = YES;
				CLANG_WARN_STRICT_PROTOTYPES = YES;
				CLANG_WARN_SUSPICIOUS_MOVE = YES;
				CLANG_WARN_UNGUARDED_AVAILABILITY = YES_AGGRESSIVE;
				CLANG_WARN_UNREACHABLE_CODE = YES;
				CLANG_WARN__DUPLICATE_METHOD_MATCH = YES;
				CODE_SIGN_IDENTITY = "iPhone Developer";
				COPY_PHASE_STRIP = NO;
				DEBUG_INFORMATION_FORMAT = "dwarf-with-dsym";
				ENABLE_NS_ASSERTIONS = NO;
				ENABLE_STRICT_OBJC_MSGSEND = YES;
				GCC_C_LANGUAGE_STANDARD = gnu11;
				GCC_NO_COMMON_BLOCKS = YES;
				GCC_WARN_64_TO_32_BIT_CONVERSION = YES;
				GCC_WARN_ABOUT_RETURN_TYPE = YES_ERROR;
				GCC_WARN_UNDECLARED_SELECTOR = YES;
				GCC_WARN_UNINITIALIZED_AUTOS = YES_AGGRESSIVE;
				GCC_WARN_UNUSED_FUNCTION = YES;
				GCC_WARN_UNUSED_VARIABLE = YES;
				IPHONEOS_DEPLOYMENT_TARGET = 9.0;
				MTL_ENABLE_DEBUG_INFO = NO;
				SDKROOT = iphoneos;
				SWIFT_COMPILATION_MODE = wholemodule;
				SWIFT_OPTIMIZATION_LEVEL = "-O";
				VALIDATE_PRODUCT = YES;
			};
			name = Release;
		};
		2204D03B211AB5AF00B70B1D /* Debug */ = {
			isa = XCBuildConfiguration;
			baseConfigurationReference = 5E632BA8E2738B4EA24531DD /* Pods-jetec_Wi-Cloud.debug.xcconfig */;
			buildSettings = {
				ASSETCATALOG_COMPILER_APPICON_NAME = AppIcon;
				CODE_SIGN_STYLE = Automatic;
				DEVELOPMENT_TEAM = 76T5KWEPVV;
				INFOPLIST_FILE = "jetec_Wi-Cloud/Info.plist";
				IPHONEOS_DEPLOYMENT_TARGET = 10.0;
				LD_RUNPATH_SEARCH_PATHS = (
					"$(inherited)",
					"@executable_path/Frameworks",
				);
				PRODUCT_BUNDLE_IDENTIFIER = "macos.jetec-Wi-Cloud";
				PRODUCT_NAME = "$(TARGET_NAME)";
				SWIFT_VERSION = 4.0;
				TARGETED_DEVICE_FAMILY = 1;
			};
			name = Debug;
		};
		2204D03C211AB5AF00B70B1D /* Release */ = {
			isa = XCBuildConfiguration;
			baseConfigurationReference = 7454A7AE536B0691DC31E2FE /* Pods-jetec_Wi-Cloud.release.xcconfig */;
			buildSettings = {
				ASSETCATALOG_COMPILER_APPICON_NAME = AppIcon;
				CODE_SIGN_STYLE = Automatic;
				DEVELOPMENT_TEAM = 76T5KWEPVV;
				INFOPLIST_FILE = "jetec_Wi-Cloud/Info.plist";
				IPHONEOS_DEPLOYMENT_TARGET = 10.0;
				LD_RUNPATH_SEARCH_PATHS = (
					"$(inherited)",
					"@executable_path/Frameworks",
				);
				PRODUCT_BUNDLE_IDENTIFIER = "macos.jetec-Wi-Cloud";
				PRODUCT_NAME = "$(TARGET_NAME)";
				SWIFT_VERSION = 4.0;
				TARGETED_DEVICE_FAMILY = 1;
			};
			name = Release;
		};
/* End XCBuildConfiguration section */

/* Begin XCConfigurationList section */
		2204D023211AB5AC00B70B1D /* Build configuration list for PBXProject "jetec_Wi-Cloud" */ = {
			isa = XCConfigurationList;
			buildConfigurations = (
				2204D038211AB5AF00B70B1D /* Debug */,
				2204D039211AB5AF00B70B1D /* Release */,
			);
			defaultConfigurationIsVisible = 0;
			defaultConfigurationName = Release;
		};
		2204D03A211AB5AF00B70B1D /* Build configuration list for PBXNativeTarget "jetec_Wi-Cloud" */ = {
			isa = XCConfigurationList;
			buildConfigurations = (
				2204D03B211AB5AF00B70B1D /* Debug */,
				2204D03C211AB5AF00B70B1D /* Release */,
			);
			defaultConfigurationIsVisible = 0;
			defaultConfigurationName = Release;
		};
/* End XCConfigurationList section */
	};
	rootObject = 2204D020211AB5AC00B70B1D /* Project object */;
}
